
Microsoft Visual Studio Solution File, Format Version 12.00
# Visual Studio Version 17
VisualStudioVersion = 17.10.35201.131
MinimumVisualStudioVersion = 10.0.40219.1
Project("{9A19103F-16F7-4668-BE54-9A1E7A4F7556}") = "Estoque", "Estoque.csproj", "{FD216E30-FD6E-4391-8ACE-A0EBEA2458FB}"
EndProject
Project("{9A19103F-16F7-4668-BE54-9A1E7A4F7556}") = "Dados.data", "..\Dados.data\Dados.data.csproj", "{8D9F7257-464F-4250-92B3-A5738DA0F04E}"
EndProject
Global
	GlobalSection(SolutionConfigurationPlatforms) = preSolution
		Debug|Any CPU = Debug|Any CPU
		Release|Any CPU = Release|Any CPU
	EndGlobalSection
	GlobalSection(ProjectConfigurationPlatforms) = postSolution
		{FD216E30-FD6E-4391-8ACE-A0EBEA2458FB}.Debug|Any CPU.ActiveCfg = Debug|Any CPU
		{FD216E30-FD6E-4391-8ACE-A0EBEA2458FB}.Debug|Any CPU.Build.0 = Debug|Any CPU
		{FD216E30-FD6E-4391-8ACE-A0EBEA2458FB}.Release|Any CPU.ActiveCfg = Release|Any CPU
		{FD216E30-FD6E-4391-8ACE-A0EBEA2458FB}.Release|Any CPU.Build.0 = Release|Any CPU
		{8D9F7257-464F-4250-92B3-A5738DA0F04E}.Debug|Any CPU.ActiveCfg = Debug|Any CPU
		{8D9F7257-464F-4250-92B3-A5738DA0F04E}.Debug|Any CPU.Build.0 = Debug|Any CPU
		{8D9F7257-464F-4250-92B3-A5738DA0F04E}.Release|Any CPU.ActiveCfg = Release|Any CPU
		{8D9F7257-464F-4250-92B3-A5738DA0F04E}.Release|Any CPU.Build.0 = Release|Any CPU
	EndGlobalSection
	GlobalSection(SolutionProperties) = preSolution
		HideSolutionNode = FALSE
	EndGlobalSection
	GlobalSection(ExtensibilityGlobals) = postSolution
		SolutionGuid = {97313DFE-92D5-4F17-A7A8-ED5D47A5EFB3}
	EndGlobalSection
EndGlobal
